
Microsoft Visual Studio Solution File, Format Version 12.00
# Visual Studio Version 16
VisualStudioVersion = 16.0.29709.97
MinimumVisualStudioVersion = 10.0.40219.1
Project("{FAE04EC0-301F-11D3-BF4B-00C04F79EFBC}") = "BudgetManager", "BudgetManager\BudgetManager.csproj", "{7C0F920E-86EA-4D0C-AD4F-810CDDF095DF}"
EndProject
Project("{FAE04EC0-301F-11D3-BF4B-00C04F79EFBC}") = "BudgetManager.Tests", "BudgetManager.Tests\BudgetManager.Tests.csproj", "{77C9AF03-605B-4798-B8FD-8D61E1B2A66A}"
EndProject
Global
	GlobalSection(SolutionConfigurationPlatforms) = preSolution
		Debug|Any CPU = Debug|Any CPU
		Release|Any CPU = Release|Any CPU
	EndGlobalSection
	GlobalSection(ProjectConfigurationPlatforms) = postSolution
		{7C0F920E-86EA-4D0C-AD4F-810CDDF095DF}.Debug|Any CPU.ActiveCfg = Debug|Any CPU
		{7C0F920E-86EA-4D0C-AD4F-810CDDF095DF}.Debug|Any CPU.Build.0 = Debug|Any CPU
		{7C0F920E-86EA-4D0C-AD4F-810CDDF095DF}.Release|Any CPU.ActiveCfg = Release|Any CPU
		{7C0F920E-86EA-4D0C-AD4F-810CDDF095DF}.Release|Any CPU.Build.0 = Release|Any CPU
		{77C9AF03-605B-4798-B8FD-8D61E1B2A66A}.Debug|Any CPU.ActiveCfg = Debug|Any CPU
		{77C9AF03-605B-4798-B8FD-8D61E1B2A66A}.Debug|Any CPU.Build.0 = Debug|Any CPU
		{77C9AF03-605B-4798-B8FD-8D61E1B2A66A}.Release|Any CPU.ActiveCfg = Release|Any CPU
		{77C9AF03-605B-4798-B8FD-8D61E1B2A66A}.Release|Any CPU.Build.0 = Release|Any CPU
	EndGlobalSection
	GlobalSection(SolutionProperties) = preSolution
		HideSolutionNode = FALSE
	EndGlobalSection
	GlobalSection(ExtensibilityGlobals) = postSolution
		SolutionGuid = {0568E5D5-8F42-4F22-9C3F-00F15F86E598}
	EndGlobalSection
EndGlobal
